
Microsoft Visual Studio Solution File, Format Version 12.00
# Visual Studio Version 16
VisualStudioVersion = 16.0.30804.86
MinimumVisualStudioVersion = 10.0.40219.1
Project("{FAE04EC0-301F-11D3-BF4B-00C04F79EFBC}") = "ТЦ", "ТЦ\ТЦ.csproj", "{4B003A8D-125E-4525-9180-42C3C09D6C89}"
EndProject
Global
	GlobalSection(SolutionConfigurationPlatforms) = preSolution
		Debug|Any CPU = Debug|Any CPU
		Release|Any CPU = Release|Any CPU
	EndGlobalSection
	GlobalSection(ProjectConfigurationPlatforms) = postSolution
		{4B003A8D-125E-4525-9180-42C3C09D6C89}.Debug|Any CPU.ActiveCfg = Debug|Any CPU
		{4B003A8D-125E-4525-9180-42C3C09D6C89}.Debug|Any CPU.Build.0 = Debug|Any CPU
		{4B003A8D-125E-4525-9180-42C3C09D6C89}.Release|Any CPU.ActiveCfg = Release|Any CPU
		{4B003A8D-125E-4525-9180-42C3C09D6C89}.Release|Any CPU.Build.0 = Release|Any CPU
	EndGlobalSection
	GlobalSection(SolutionProperties) = preSolution
		HideSolutionNode = FALSE
	EndGlobalSection
	GlobalSection(ExtensibilityGlobals) = postSolution
		SolutionGuid = {300DE875-FF8B-417D-A424-D118BC853E91}
	EndGlobalSection
EndGlobal
